PODS:
  - ScrollableStackView (1.0)

DEPENDENCIES:
  - ScrollableStackView (from `../`)

EXTERNAL SOURCES:
  ScrollableStackView:
    :path: "../"

SPEC CHECKSUMS:
  ScrollableStackView: 83e5943c730474246bb6b253391ef78caed1626a

PODFILE CHECKSUM: ce2af2a366952d6b9046a4a798b61b3154f78e89

COCOAPODS: 1.1.1
